// !$*UTF8*$!
{
	archiveVersion = 1;
	classes = {
	};
	objectVersion = 50;
	objects = {

/* Begin PBXBuildFile section */
		62F4E5C722F1F3B00014B419 /* AppDelegate.swift in Sources */ = {isa = PBXBuildFile; fileRef = 62F4E5C622F1F3B00014B419 /* AppDelegate.swift */; };
		62F4E5C922F1F3B00014B419 /* ViewController.swift in Sources */ = {isa = PBXBuildFile; fileRef = 62F4E5C822F1F3B00014B419 /* ViewController.swift */; };
		62F4E5CC22F1F3B00014B419 /* Main.storyboard in Resources */ = {isa = PBXBuildFile; fileRef = 62F4E5CA22F1F3B00014B419 /* Main.storyboard */; };
		62F4E5CE22F1F3B50014B419 /* Assets.xcassets in Resources */ = {isa = PBXBuildFile; fileRef = 62F4E5CD22F1F3B50014B419 /* Assets.xcassets */; };
		62F4E5D122F1F3B50014B419 /* LaunchScreen.storyboard in Resources */ = {isa = PBXBuildFile; fileRef = 62F4E5CF22F1F3B50014B419 /* LaunchScreen.storyboard */; };
		62F4E5D922F1F4130014B419 /* BusinessModel.swift in Sources */ = {isa = PBXBuildFile; fileRef = 62F4E5D822F1F4130014B419 /* BusinessModel.swift */; };
		62F4E5DB22F1F5230014B419 /* YelpAPIClient.swift in Sources */ = {isa = PBXBuildFile; fileRef = 62F4E5DA22F1F5230014B419 /* YelpAPIClient.swift */; };
		62F4E5DD22F351CD0014B419 /* SecretKeys.swift in Sources */ = {isa = PBXBuildFile; fileRef = 62F4E5DC22F351CD0014B419 /* SecretKeys.swift */; };
/* End PBXBuildFile section */

/* Begin PBXFileReference section */
		62F4E5C322F1F3B00014B419 /* ResultTypeDemo.app */ = {isa = PBXFileReference; explicitFileType = wrapper.application; includeInIndex = 0; path = ResultTypeDemo.app; sourceTree = BUILT_PRODUCTS_DIR; };
		62F4E5C622F1F3B00014B419 /* AppDelegate.swift */ = {isa = PBXFileReference; lastKnownFileType = sourcecode.swift; path = AppDelegate.swift; sourceTree = "<group>"; };
		62F4E5C822F1F3B00014B419 /* ViewController.swift */ = {isa = PBXFileReference; lastKnownFileType = sourcecode.swift; path = ViewController.swift; sourceTree = "<group>"; };
		62F4E5CB22F1F3B00014B419 /* Base */ = {isa = PBXFileReference; lastKnownFileType = file.storyboard; name = Base; path = Base.lproj/Main.storyboard; sourceTree = "<group>"; };
		62F4E5CD22F1F3B50014B419 /* Assets.xcassets */ = {isa = PBXFileReference; lastKnownFileType = folder.assetcatalog; path = Assets.xcassets; sourceTree = "<group>"; };
		62F4E5D022F1F3B50014B419 /* Base */ = {isa = PBXFileReference; lastKnownFileType = file.storyboard; name = Base; path = Base.lproj/LaunchScreen.storyboard; sourceTree = "<group>"; };
		62F4E5D222F1F3B50014B419 /* Info.plist */ = {isa = PBXFileReference; lastKnownFileType = text.plist.xml; path = Info.plist; sourceTree = "<group>"; };
		62F4E5D822F1F4130014B419 /* BusinessModel.swift */ = {isa = PBXFileReference; lastKnownFileType = sourcecode.swift; path = BusinessModel.swift; sourceTree = "<group>"; };
		62F4E5DA22F1F5230014B419 /* YelpAPIClient.swift */ = {isa = PBXFileReference; lastKnownFileType = sourcecode.swift; path = YelpAPIClient.swift; sourceTree = "<group>"; };
		62F4E5DC22F351CD0014B419 /* SecretKeys.swift */ = {isa = PBXFileReference; lastKnownFileType = sourcecode.swift; path = SecretKeys.swift; sourceTree = "<group>"; };
/* End PBXFileReference section */

/* Begin PBXFrameworksBuildPhase section */
		62F4E5C022F1F3B00014B419 /* Frameworks */ = {
			isa = PBXFrameworksBuildPhase;
			buildActionMask = 2147483647;
			files = (
			);
			runOnlyForDeploymentPostprocessing = 0;
		};
/* End PBXFrameworksBuildPhase section */

/* Begin PBXGroup section */
		62F4E5BA22F1F3B00014B419 = {
			isa = PBXGroup;
			children = (
				62F4E5C522F1F3B00014B419 /* ResultTypeDemo */,
				62F4E5C422F1F3B00014B419 /* Products */,
			);
			sourceTree = "<group>";
		};
		62F4E5C422F1F3B00014B419 /* Products */ = {
			isa = PBXGroup;
			children = (
				62F4E5C322F1F3B00014B419 /* ResultTypeDemo.app */,
			);
			name = Products;
			sourceTree = "<group>";
		};
		62F4E5C522F1F3B00014B419 /* ResultTypeDemo */ = {
			isa = PBXGroup;
			children = (
				62F4E5C622F1F3B00014B419 /* AppDelegate.swift */,
				62F4E5C822F1F3B00014B419 /* ViewController.swift */,
				62F4E5D822F1F4130014B419 /* BusinessModel.swift */,
				62F4E5DA22F1F5230014B419 /* YelpAPIClient.swift */,
				62F4E5DC22F351CD0014B419 /* SecretKeys.swift */,
				62F4E5CA22F1F3B00014B419 /* Main.storyboard */,
				62F4E5CD22F1F3B50014B419 /* Assets.xcassets */,
				62F4E5CF22F1F3B50014B419 /* LaunchScreen.storyboard */,
				62F4E5D222F1F3B50014B419 /* Info.plist */,
			);
			path = ResultTypeDemo;
			sourceTree = "<group>";
		};
/* End PBXGroup section */

/* Begin PBXNativeTarget section */
		62F4E5C222F1F3B00014B419 /* ResultTypeDemo */ = {
			isa = PBXNativeTarget;
			buildConfigurationList = 62F4E5D522F1F3B50014B419 /* Build configuration list for PBXNativeTarget "ResultTypeDemo" */;
			buildPhases = (
				62F4E5BF22F1F3B00014B419 /* Sources */,
				62F4E5C022F1F3B00014B419 /* Frameworks */,
				62F4E5C122F1F3B00014B419 /* Resources */,
			);
			buildRules = (
			);
			dependencies = (
			);
			name = ResultTypeDemo;
			productName = ResultTypeDemo;
			productReference = 62F4E5C322F1F3B00014B419 /* ResultTypeDemo.app */;
			productType = "com.apple.product-type.application";
		};
/* End PBXNativeTarget section */

/* Begin PBXProject section */
		62F4E5BB22F1F3B00014B419 /* Project object */ = {
			isa = PBXProject;
			attributes = {
				LastSwiftUpdateCheck = 1020;
				LastUpgradeCheck = 1020;
				ORGANIZATIONNAME = "Diego Estrella III";
				TargetAttributes = {
					62F4E5C222F1F3B00014B419 = {
						CreatedOnToolsVersion = 10.2.1;
					};
				};
			};
			buildConfigurationList = 62F4E5BE22F1F3B00014B419 /* Build configuration list for PBXProject "ResultTypeDemo" */;
			compatibilityVersion = "Xcode 9.3";
			developmentRegion = en;
			hasScannedForEncodings = 0;
			knownRegions = (
				en,
				Base,
			);
			mainGroup = 62F4E5BA22F1F3B00014B419;
			productRefGroup = 62F4E5C422F1F3B00014B419 /* Products */;
			projectDirPath = "";
			projectRoot = "";
			targets = (
				62F4E5C222F1F3B00014B419 /* ResultTypeDemo */,
			);
		};
/* End PBXProject section */

/* Begin PBXResourcesBuildPhase section */
		62F4E5C122F1F3B00014B419 /* Resources */ = {
			isa = PBXResourcesBuildPhase;
			buildActionMask = 2147483647;
			files = (
				62F4E5D122F1F3B50014B419 /* LaunchScreen.storyboard in Resources */,
				62F4E5CE22F1F3B50014B419 /* Assets.xcassets in Resources */,
				62F4E5CC22F1F3B00014B419 /* Main.storyboard in Resources */,
			);
			runOnlyForDeploymentPostprocessing = 0;
		};
/* End PBXResourcesBuildPhase section */

/* Begin PBXSourcesBuildPhase section */
		62F4E5BF22F1F3B00014B419 /* Sources */ = {
			isa = PBXSourcesBuildPhase;
			buildActionMask = 2147483647;
			files = (
				62F4E5C922F1F3B00014B419 /* ViewController.swift in Sources */,
				62F4E5DB22F1F5230014B419 /* YelpAPIClient.swift in Sources */,
				62F4E5C722F1F3B00014B419 /* AppDelegate.swift in Sources */,
				62F4E5D922F1F4130014B419 /* BusinessModel.swift in Sources */,
				62F4E5DD22F351CD0014B419 /* SecretKeys.swift in Sources */,
			);
			runOnlyForDeploymentPostprocessing = 0;
		};
/* End PBXSourcesBuildPhase section */

/* Begin PBXVariantGroup section */
		62F4E5CA22F1F3B00014B419 /* Main.storyboard */ = {
			isa = PBXVariantGroup;
			children = (
				62F4E5CB22F1F3B00014B419 /* Base */,
			);
			name = Main.storyboard;
			sourceTree = "<group>";
		};
		62F4E5CF22F1F3B50014B419 /* LaunchScreen.storyboard */ = {
			isa = PBXVariantGroup;
			children = (
				62F4E5D022F1F3B50014B419 /* Base */,
			);
			name = LaunchScreen.storyboard;
			sourceTree = "<group>";
		};
/* End PBXVariantGroup section */

/* Begin XCBuildConfiguration section */
		62F4E5D322F1F3B50014B419 /* Debug */ = {
			isa = XCBuildConfiguration;
			buildSettings = {
				ALWAYS_SEARCH_USER_PATHS = NO;
				CLANG_ANALYZER_NONNULL = YES;
				CLANG_ANALYZER_NUMBER_OBJECT_CONVERSION = YES_AGGRESSIVE;
				CLANG_CXX_LANGUAGE_STANDARD = "gnu++14";
				CLANG_CXX_LIBRARY = "libc++";
				CLANG_ENABLE_MODULES = YES;
				CLANG_ENABLE_OBJC_ARC = YES;
				CLANG_ENABLE_OBJC_WEAK = YES;
				CLANG_WARN_BLOCK_CAPTURE_AUTORELEASING = YES;
				CLANG_WARN_BOOL_CONVERSION = YES;
				CLANG_WARN_COMMA = YES;
				CLANG_WARN_CONSTANT_CONVERSION = YES;
				CLANG_WARN_DEPRECATED_OBJC_IMPLEMENTATIONS = YES;
				CLANG_WARN_DIRECT_OBJC_ISA_USAGE = YES_ERROR;
				CLANG_WARN_DOCUMENTATION_COMMENTS = YES;
				CLANG_WARN_EMPTY_BODY = YES;
				CLANG_WARN_ENUM_CONVERSION = YES;
				CLANG_WARN_INFINITE_RECURSION = YES;
				CLANG_WARN_INT_CONVERSION = YES;
				CLANG_WARN_NON_LITERAL_NULL_CONVERSION = YES;
				CLANG_WARN_OBJC_IMPLICIT_RETAIN_SELF = YES;
				CLANG_WARN_OBJC_LITERAL_CONVERSION = YES;
				CLANG_WARN_OBJC_ROOT_CLASS = YES_ERROR;
				CLANG_WARN_RANGE_LOOP_ANALYSIS = YES;
				CLANG_WARN_STRICT_PROTOTYPES = YES;
				CLANG_WARN_SUSPICIOUS_MOVE = YES;
				CLANG_WARN_UNGUARDED_AVAILABILITY = YES_AGGRESSIVE;
				CLANG_WARN_UNREACHABLE_CODE = YES;
				CLANG_WARN__DUPLICATE_METHOD_MATCH = YES;
				CODE_SIGN_IDENTITY = "iPhone Developer";
				COPY_PHASE_STRIP = NO;
				DEBUG_INFORMATION_FORMAT = dwarf;
				ENABLE_STRICT_OBJC_MSGSEND = YES;
				ENABLE_TESTABILITY = YES;
				GCC_C_LANGUAGE_STANDARD = gnu11;
				GCC_DYNAMIC_NO_PIC = NO;
				GCC_NO_COMMON_BLOCKS = YES;
				GCC_OPTIMIZATION_LEVEL = 0;
				GCC_PREPROCESSOR_DEFINITIONS = (
					"DEBUG=1",
					"$(inherited)",
				);
				GCC_WARN_64_TO_32_BIT_CONVERSION = YES;
				GCC_WARN_ABOUT_RETURN_TYPE = YES_ERROR;
				GCC_WARN_UNDECLARED_SELECTOR = YES;
				GCC_WARN_UNINITIALIZED_AUTOS = YES_AGGRESSIVE;
				GCC_WARN_UNUSED_FUNCTION = YES;
				GCC_WARN_UNUSED_VARIABLE = YES;
				IPHONEOS_DEPLOYMENT_TARGET = 12.2;
				MTL_ENABLE_DEBUG_INFO = INCLUDE_SOURCE;
				MTL_FAST_MATH = YES;
				ONLY_ACTIVE_ARCH = YES;
				SDKROOT = iphoneos;
				SWIFT_ACTIVE_COMPILATION_CONDITIONS = DEBUG;
				SWIFT_OPTIMIZATION_LEVEL = "-Onone";
			};
			name = Debug;
		};
		62F4E5D422F1F3B50014B419 /* Release */ = {
			isa = XCBuildConfiguration;
			buildSettings = {
				ALWAYS_SEARCH_USER_PATHS = NO;
				CLANG_ANALYZER_NONNULL = YES;
				CLANG_ANALYZER_NUMBER_OBJECT_CONVERSION = YES_AGGRESSIVE;
				CLANG_CXX_LANGUAGE_STANDARD = "gnu++14";
				CLANG_CXX_LIBRARY = "libc++";
				CLANG_ENABLE_MODULES = YES;
				CLANG_ENABLE_OBJC_ARC = YES;
				CLANG_ENABLE_OBJC_WEAK = YES;
				CLANG_WARN_BLOCK_CAPTURE_AUTORELEASING = YES;
				CLANG_WARN_BOOL_CONVERSION = YES;
				CLANG_WARN_COMMA = YES;
				CLANG_WARN_CONSTANT_CONVERSION = YES;
				CLANG_WARN_DEPRECATED_OBJC_IMPLEMENTATIONS = YES;
				CLANG_WARN_DIRECT_OBJC_ISA_USAGE = YES_ERROR;
				CLANG_WARN_DOCUMENTATION_COMMENTS = YES;
				CLANG_WARN_EMPTY_BODY = YES;
				CLANG_WARN_ENUM_CONVERSION = YES;
				CLANG_WARN_INFINITE_RECURSION = YES;
				CLANG_WARN_INT_CONVERSION = YES;
				CLANG_WARN_NON_LITERAL_NULL_CONVERSION = YES;
				CLANG_WARN_OBJC_IMPLICIT_RETAIN_SELF = YES;
				CLANG_WARN_OBJC_LITERAL_CONVERSION = YES;
				CLANG_WARN_OBJC_ROOT_CLASS = YES_ERROR;
				CLANG_WARN_RANGE_LOOP_ANALYSIS = YES;
				CLANG_WARN_STRICT_PROTOTYPES = YES;
				CLANG_WARN_SUSPICIOUS_MOVE = YES;
				CLANG_WARN_UNGUARDED_AVAILABILITY = YES_AGGRESSIVE;
				CLANG_WARN_UNREACHABLE_CODE = YES;
				CLANG_WARN__DUPLICATE_METHOD_MATCH = YES;
				CODE_SIGN_IDENTITY = "iPhone Developer";
				COPY_PHASE_STRIP = NO;
				DEBUG_INFORMATION_FORMAT = "dwarf-with-dsym";
				ENABLE_NS_ASSERTIONS = NO;
				ENABLE_STRICT_OBJC_MSGSEND = YES;
				GCC_C_LANGUAGE_STANDARD = gnu11;
				GCC_NO_COMMON_BLOCKS = YES;
				GCC_WARN_64_TO_32_BIT_CONVERSION = YES;
				GCC_WARN_ABOUT_RETURN_TYPE = YES_ERROR;
				GCC_WARN_UNDECLARED_SELECTOR = YES;
				GCC_WARN_UNINITIALIZED_AUTOS = YES_AGGRESSIVE;
				GCC_WARN_UNUSED_FUNCTION = YES;
				GCC_WARN_UNUSED_VARIABLE = YES;
				IPHONEOS_DEPLOYMENT_TARGET = 12.2;
				MTL_ENABLE_DEBUG_INFO = NO;
				MTL_FAST_MATH = YES;
				SDKROOT = iphoneos;
				SWIFT_COMPILATION_MODE = wholemodule;
				SWIFT_OPTIMIZATION_LEVEL = "-O";
				VALIDATE_PRODUCT = YES;
			};
			name = Release;
		};
		62F4E5D622F1F3B50014B419 /* Debug */ = {
			isa = XCBuildConfiguration;
			buildSettings = {
				ASSETCATALOG_COMPILER_APPICON_NAME = AppIcon;
				CODE_SIGN_STYLE = Automatic;
				DEVELOPMENT_TEAM = 8B3K38L4MX;
				INFOPLIST_FILE = ResultTypeDemo/Info.plist;
				LD_RUNPATH_SEARCH_PATHS = (
					"$(inherited)",
					"@executable_path/Frameworks",
				);
				PRODUCT_BUNDLE_IDENTIFIER = Persuit.ResultTypeDemo;
				PRODUCT_NAME = "$(TARGET_NAME)";
				SWIFT_VERSION = 5.0;
				TARGETED_DEVICE_FAMILY = "1,2";
			};
			name = Debug;
		};
		62F4E5D722F1F3B50014B419 /* Release */ = {
			isa = XCBuildConfiguration;
			buildSettings = {
				ASSETCATALOG_COMPILER_APPICON_NAME = AppIcon;
				CODE_SIGN_STYLE = Automatic;
				DEVELOPMENT_TEAM = 8B3K38L4MX;
				INFOPLIST_FILE = ResultTypeDemo/Info.plist;
				LD_RUNPATH_SEARCH_PATHS = (
					"$(inherited)",
					"@executable_path/Frameworks",
				);
				PRODUCT_BUNDLE_IDENTIFIER = Persuit.ResultTypeDemo;
				PRODUCT_NAME = "$(TARGET_NAME)";
				SWIFT_VERSION = 5.0;
				TARGETED_DEVICE_FAMILY = "1,2";
			};
			name = Release;
		};
/* End XCBuildConfiguration section */

/* Begin XCConfigurationList section */
		62F4E5BE22F1F3B00014B419 /* Build configuration list for PBXProject "ResultTypeDemo" */ = {
			isa = XCConfigurationList;
			buildConfigurations = (
				62F4E5D322F1F3B50014B419 /* Debug */,
				62F4E5D422F1F3B50014B419 /* Release */,
			);
			defaultConfigurationIsVisible = 0;
			defaultConfigurationName = Release;
		};
		62F4E5D522F1F3B50014B419 /* Build configuration list for PBXNativeTarget "ResultTypeDemo" */ = {
			isa = XCConfigurationList;
			buildConfigurations = (
				62F4E5D622F1F3B50014B419 /* Debug */,
				62F4E5D722F1F3B50014B419 /* Release */,
			);
			defaultConfigurationIsVisible = 0;
			defaultConfigurationName = Release;
		};
/* End XCConfigurationList section */
	};
	rootObject = 62F4E5BB22F1F3B00014B419 /* Project object */;
}
